
Microsoft Visual Studio Solution File, Format Version 12.00
# Visual Studio Version 16
VisualStudioVersion = 16.0.34031.81
MinimumVisualStudioVersion = 10.0.40219.1
Project("{FAE04EC0-301F-11D3-BF4B-00C04F79EFBC}") = "examen", "examen\examen.csproj", "{7A36E477-DDA6-49F3-9890-CABC6264BCAC}"
EndProject
Global
	GlobalSection(SolutionConfigurationPlatforms) = preSolution
		Debug|Any CPU = Debug|Any CPU
		Release|Any CPU = Release|Any CPU
	EndGlobalSection
	GlobalSection(ProjectConfigurationPlatforms) = postSolution
		{7A36E477-DDA6-49F3-9890-CABC6264BCAC}.Debug|Any CPU.ActiveCfg = Debug|Any CPU
		{7A36E477-DDA6-49F3-9890-CABC6264BCAC}.Debug|Any CPU.Build.0 = Debug|Any CPU
		{7A36E477-DDA6-49F3-9890-CABC6264BCAC}.Release|Any CPU.ActiveCfg = Release|Any CPU
		{7A36E477-DDA6-49F3-9890-CABC6264BCAC}.Release|Any CPU.Build.0 = Release|Any CPU
	EndGlobalSection
	GlobalSection(SolutionProperties) = preSolution
		HideSolutionNode = FALSE
	EndGlobalSection
	GlobalSection(ExtensibilityGlobals) = postSolution
		SolutionGuid = {AE1A04B1-DF95-4101-BF0D-3F513EC170AF}
	EndGlobalSection
EndGlobal
